
Microsoft Visual Studio Solution File, Format Version 12.00
# Visual Studio Version 17
VisualStudioVersion = 17.7.34031.279
MinimumVisualStudioVersion = 10.0.40219.1
Project("{FAE04EC0-301F-11D3-BF4B-00C04F79EFBC}") = "Builder", "Builder\Builder.csproj", "{121A5EB7-C0F2-4ACC-A1B0-A05AAAC72C87}"
EndProject
Global
	GlobalSection(SolutionConfigurationPlatforms) = preSolution
		Debug|Any CPU = Debug|Any CPU
		Release|Any CPU = Release|Any CPU
	EndGlobalSection
	GlobalSection(ProjectConfigurationPlatforms) = postSolution
		{121A5EB7-C0F2-4ACC-A1B0-A05AAAC72C87}.Debug|Any CPU.ActiveCfg = Debug|Any CPU
		{121A5EB7-C0F2-4ACC-A1B0-A05AAAC72C87}.Debug|Any CPU.Build.0 = Debug|Any CPU
		{121A5EB7-C0F2-4ACC-A1B0-A05AAAC72C87}.Release|Any CPU.ActiveCfg = Release|Any CPU
		{121A5EB7-C0F2-4ACC-A1B0-A05AAAC72C87}.Release|Any CPU.Build.0 = Release|Any CPU
	EndGlobalSection
	GlobalSection(SolutionProperties) = preSolution
		HideSolutionNode = FALSE
	EndGlobalSection
	GlobalSection(ExtensibilityGlobals) = postSolution
		SolutionGuid = {8E12F724-104F-4B1B-8641-1C4D4D811F9B}
	EndGlobalSection
EndGlobal
